
Microsoft Visual Studio Solution File, Format Version 12.00
# Visual Studio 15
VisualStudioVersion = 15.0.26124.0
MinimumVisualStudioVersion = 15.0.26124.0
Project("{FAE04EC0-301F-11D3-BF4B-00C04F79EFBC}") = "api", "api\api.csproj", "{AEEC8CFB-494F-46A8-BFD2-B1BBD408867D}"
EndProject
Project("{FAE04EC0-301F-11D3-BF4B-00C04F79EFBC}") = "shared", "shared\shared.csproj", "{87A9E5DD-45EF-4C1C-AFA9-944E00F12A0C}"
EndProject
Global
	GlobalSection(SolutionConfigurationPlatforms) = preSolution
		Debug|Any CPU = Debug|Any CPU
		Debug|x64 = Debug|x64
		Debug|x86 = Debug|x86
		Release|Any CPU = Release|Any CPU
		Release|x64 = Release|x64
		Release|x86 = Release|x86
	EndGlobalSection
	GlobalSection(SolutionProperties) = preSolution
		HideSolutionNode = FALSE
	EndGlobalSection
	GlobalSection(ProjectConfigurationPlatforms) = postSolution
		{AEEC8CFB-494F-46A8-BFD2-B1BBD408867D}.Debug|Any CPU.ActiveCfg = Debug|Any CPU
		{AEEC8CFB-494F-46A8-BFD2-B1BBD408867D}.Debug|Any CPU.Build.0 = Debug|Any CPU
		{AEEC8CFB-494F-46A8-BFD2-B1BBD408867D}.Debug|x64.ActiveCfg = Debug|Any CPU
		{AEEC8CFB-494F-46A8-BFD2-B1BBD408867D}.Debug|x64.Build.0 = Debug|Any CPU
		{AEEC8CFB-494F-46A8-BFD2-B1BBD408867D}.Debug|x86.ActiveCfg = Debug|Any CPU
		{AEEC8CFB-494F-46A8-BFD2-B1BBD408867D}.Debug|x86.Build.0 = Debug|Any CPU
		{AEEC8CFB-494F-46A8-BFD2-B1BBD408867D}.Release|Any CPU.ActiveCfg = Release|Any CPU
		{AEEC8CFB-494F-46A8-BFD2-B1BBD408867D}.Release|Any CPU.Build.0 = Release|Any CPU
		{AEEC8CFB-494F-46A8-BFD2-B1BBD408867D}.Release|x64.ActiveCfg = Release|Any CPU
		{AEEC8CFB-494F-46A8-BFD2-B1BBD408867D}.Release|x64.Build.0 = Release|Any CPU
		{AEEC8CFB-494F-46A8-BFD2-B1BBD408867D}.Release|x86.ActiveCfg = Release|Any CPU
		{AEEC8CFB-494F-46A8-BFD2-B1BBD408867D}.Release|x86.Build.0 = Release|Any CPU
		{87A9E5DD-45EF-4C1C-AFA9-944E00F12A0C}.Debug|Any CPU.ActiveCfg = Debug|Any CPU
		{87A9E5DD-45EF-4C1C-AFA9-944E00F12A0C}.Debug|Any CPU.Build.0 = Debug|Any CPU
		{87A9E5DD-45EF-4C1C-AFA9-944E00F12A0C}.Debug|x64.ActiveCfg = Debug|Any CPU
		{87A9E5DD-45EF-4C1C-AFA9-944E00F12A0C}.Debug|x64.Build.0 = Debug|Any CPU
		{87A9E5DD-45EF-4C1C-AFA9-944E00F12A0C}.Debug|x86.ActiveCfg = Debug|Any CPU
		{87A9E5DD-45EF-4C1C-AFA9-944E00F12A0C}.Debug|x86.Build.0 = Debug|Any CPU
		{87A9E5DD-45EF-4C1C-AFA9-944E00F12A0C}.Release|Any CPU.ActiveCfg = Release|Any CPU
		{87A9E5DD-45EF-4C1C-AFA9-944E00F12A0C}.Release|Any CPU.Build.0 = Release|Any CPU
		{87A9E5DD-45EF-4C1C-AFA9-944E00F12A0C}.Release|x64.ActiveCfg = Release|Any CPU
		{87A9E5DD-45EF-4C1C-AFA9-944E00F12A0C}.Release|x64.Build.0 = Release|Any CPU
		{87A9E5DD-45EF-4C1C-AFA9-944E00F12A0C}.Release|x86.ActiveCfg = Release|Any CPU
		{87A9E5DD-45EF-4C1C-AFA9-944E00F12A0C}.Release|x86.Build.0 = Release|Any CPU
	EndGlobalSection
EndGlobal
